{
  "name": "e-commerce-Project",
  "lockfileVersion": 3,
  "requires": true,
  "packages": {
    "": {
      "dependencies": {
        "@angular/router": "^19.2.8"
      }
    },
    "node_modules/@angular/common": {
      "version": "19.2.8",
      "resolved": "https://registry.npmjs.org/@angular/common/-/common-19.2.8.tgz",
      "integrity": "sha512-SnW+/amz1Mtni9125xlzPZ5MU+wSzUepc9G5jRnL0q9vrFglRWa3BEW3GxVurfbdnf6FleroZ7fZCZFAfREw7Q==",
      "license": "MIT",
      "peer": true,
      "dependencies": {
        "tslib": "^2.3.0"
      },
      "engines": {
        "node": "^18.19.1 || ^20.11.1 || >=22.0.0"
      },
      "peerDependencies": {
        "@angular/core": "19.2.8",
        "rxjs": "^6.5.3 || ^7.4.0"
      }
    },
    "node_modules/@angular/core": {
      "version": "19.2.8",
      "resolved": "https://registry.npmjs.org/@angular/core/-/core-19.2.8.tgz",
      "integrity": "sha512-iNISGgLr+nBzEaGbfzRCOVfV3T66gbEu+Ee4VCnEqifU7Er6fnvn+oFfHo3gNKHrCdicrbyb2oKAmeOJynKbsA==",
      "license": "MIT",
      "peer": true,
      "dependencies": {
        "tslib": "^2.3.0"
      },
      "engines": {
        "node": "^18.19.1 || ^20.11.1 || >=22.0.0"
      },
      "peerDependencies": {
        "rxjs": "^6.5.3 || ^7.4.0",
        "zone.js": "~0.15.0"
      }
    },
    "node_modules/@angular/platform-browser": {
      "version": "19.2.8",
      "resolved": "https://registry.npmjs.org/@angular/platform-browser/-/platform-browser-19.2.8.tgz",
      "integrity": "sha512-3O69vMAq/ki13YX8hWBUs1R6iwS1GmkcHWu5fIUU7rjSuhGfD60nASqRBYZiJb68eUom//T544KavOvfAl1PzQ==",
      "license": "MIT",
      "peer": true,
      "dependencies": {
        "tslib": "^2.3.0"
      },
      "engines": {
        "node": "^18.19.1 || ^20.11.1 || >=22.0.0"
      },
      "peerDependencies": {
        "@angular/animations": "19.2.8",
        "@angular/common": "19.2.8",
        "@angular/core": "19.2.8"
      },
      "peerDependenciesMeta": {
        "@angular/animations": {
          "optional": true
        }
      }
    },
    "node_modules/@angular/router": {
      "version": "19.2.8",
      "resolved": "https://registry.npmjs.org/@angular/router/-/router-19.2.8.tgz",
      "integrity": "sha512-aZenxUzrz8idGmw0jsVaPFY8EAPOYcOHmv9mDljzAhJZHaSX/r0iVasnjf5qUkTb7ElpRXppS4wXPNNGKTrXZA==",
      "license": "MIT",
      "dependencies": {
        "tslib": "^2.3.0"
      },
      "engines": {
        "node": "^18.19.1 || ^20.11.1 || >=22.0.0"
      },
      "peerDependencies": {
        "@angular/common": "19.2.8",
        "@angular/core": "19.2.8",
        "@angular/platform-browser": "19.2.8",
        "rxjs": "^6.5.3 || ^7.4.0"
      }
    },
    "node_modules/rxjs": {
      "version": "7.8.2",
      "resolved": "https://registry.npmjs.org/rxjs/-/rxjs-7.8.2.tgz",
      "integrity": "sha512-dhKf903U/PQZY6boNNtAGdWbG85WAbjT/1xYoZIC7FAY0yWapOBQVsVrDl58W86//e1VpMNBtRV4MaXfdMySFA==",
      "license": "Apache-2.0",
      "peer": true,
      "dependencies": {
        "tslib": "^2.1.0"
      }
    },
    "node_modules/tslib": {
      "version": "2.8.1",
      "resolved": "https://registry.npmjs.org/tslib/-/tslib-2.8.1.tgz",
      "integrity": "sha512-oJFu94HQb+KVduSUQL7wnpmqnfmLsOA/nAh6b6EH0wCEoK0/mPeXU6c3wKDV83MkOuHPRHtSXKKU99IBazS/2w==",
      "license": "0BSD"
    },
    "node_modules/zone.js": {
      "version": "0.15.0",
      "resolved": "https://registry.npmjs.org/zone.js/-/zone.js-0.15.0.tgz",
      "integrity": "sha512-9oxn0IIjbCZkJ67L+LkhYWRyAy7axphb3VgE2MBDlOqnmHMPWGYMxJxBYFueFq/JGY2GMwS0rU+UCLunEmy5UA==",
      "license": "MIT",
      "peer": true
    }
  }
}
